// !$*UTF8*$!
{
	archiveVersion = 1;
	classes = {
	};
	objectVersion = 52;
	objects = {

/* Begin PBXBuildFile section */
		2C01DA808F03AB4FAB7EDF22 /* Pods_Food_App.framework in Frameworks */ = {isa = PBXBuildFile; fileRef = D08B3462DFAEDA076593CC1B /* Pods_Food_App.framework */; };
		A42A396225EC8FAA0015BA62 /* Food_AppApp.swift in Sources */ = {isa = PBXBuildFile; fileRef = A42A396125EC8FAA0015BA62 /* Food_AppApp.swift */; };
		A42A396425EC8FAA0015BA62 /* ContentView.swift in Sources */ = {isa = PBXBuildFile; fileRef = A42A396325EC8FAA0015BA62 /* ContentView.swift */; };
		A42A396625EC8FAC0015BA62 /* Assets.xcassets in Resources */ = {isa = PBXBuildFile; fileRef = A42A396525EC8FAC0015BA62 /* Assets.xcassets */; };
		A42A396925EC8FAC0015BA62 /* Preview Assets.xcassets in Resources */ = {isa = PBXBuildFile; fileRef = A42A396825EC8FAC0015BA62 /* Preview Assets.xcassets */; };
		A42A397525EC96230015BA62 /* HomeViewModel.swift in Sources */ = {isa = PBXBuildFile; fileRef = A42A397425EC96230015BA62 /* HomeViewModel.swift */; };
		A42A397925EC9F520015BA62 /* Menu.swift in Sources */ = {isa = PBXBuildFile; fileRef = A42A397825EC9F520015BA62 /* Menu.swift */; };
		A42A398025ECA3600015BA62 /* Home.swift in Sources */ = {isa = PBXBuildFile; fileRef = A42A397F25ECA3600015BA62 /* Home.swift */; };
		A42A398325EDEE080015BA62 /* GoogleService-Info.plist in Resources */ = {isa = PBXBuildFile; fileRef = A42A398225EDEE080015BA62 /* GoogleService-Info.plist */; };
		A4EE0E0D25EF50C600046DE2 /* SDWebImageSwiftUI in Frameworks */ = {isa = PBXBuildFile; productRef = A4EE0E0C25EF50C600046DE2 /* SDWebImageSwiftUI */; };
		A4EE0E1025EF52ED00046DE2 /* Item.swift in Sources */ = {isa = PBXBuildFile; fileRef = A4EE0E0F25EF52ED00046DE2 /* Item.swift */; };
		A4EE0E1325EF580100046DE2 /* ItemView.swift in Sources */ = {isa = PBXBuildFile; fileRef = A4EE0E1225EF580100046DE2 /* ItemView.swift */; };
		A4EE0E1925F0853700046DE2 /* Cart.swift in Sources */ = {isa = PBXBuildFile; fileRef = A4EE0E1825F0853700046DE2 /* Cart.swift */; };
		A4EE0E2625F0998000046DE2 /* CartView.swift in Sources */ = {isa = PBXBuildFile; fileRef = A4EE0E2525F0998000046DE2 /* CartView.swift */; };
/* End PBXBuildFile section */

/* Begin PBXFileReference section */
		524B4E3881DF3EE29C7D7B33 /* Pods-Food App.release.xcconfig */ = {isa = PBXFileReference; includeInIndex = 1; lastKnownFileType = text.xcconfig; name = "Pods-Food App.release.xcconfig"; path = "Target Support Files/Pods-Food App/Pods-Food App.release.xcconfig"; sourceTree = "<group>"; };
		A42A395E25EC8FAA0015BA62 /* Food App.app */ = {isa = PBXFileReference; explicitFileType = wrapper.application; includeInIndex = 0; path = "Food App.app"; sourceTree = BUILT_PRODUCTS_DIR; };
		A42A396125EC8FAA0015BA62 /* Food_AppApp.swift */ = {isa = PBXFileReference; lastKnownFileType = sourcecode.swift; path = Food_AppApp.swift; sourceTree = "<group>"; };
		A42A396325EC8FAA0015BA62 /* ContentView.swift */ = {isa = PBXFileReference; lastKnownFileType = sourcecode.swift; path = ContentView.swift; sourceTree = "<group>"; };
		A42A396525EC8FAC0015BA62 /* Assets.xcassets */ = {isa = PBXFileReference; lastKnownFileType = folder.assetcatalog; path = Assets.xcassets; sourceTree = "<group>"; };
		A42A396825EC8FAC0015BA62 /* Preview Assets.xcassets */ = {isa = PBXFileReference; lastKnownFileType = folder.assetcatalog; path = "Preview Assets.xcassets"; sourceTree = "<group>"; };
		A42A396A25EC8FAC0015BA62 /* Info.plist */ = {isa = PBXFileReference; lastKnownFileType = text.plist.xml; path = Info.plist; sourceTree = "<group>"; };
		A42A397425EC96230015BA62 /* HomeViewModel.swift */ = {isa = PBXFileReference; lastKnownFileType = sourcecode.swift; path = HomeViewModel.swift; sourceTree = "<group>"; };
		A42A397825EC9F520015BA62 /* Menu.swift */ = {isa = PBXFileReference; lastKnownFileType = sourcecode.swift; path = Menu.swift; sourceTree = "<group>"; };
		A42A397F25ECA3600015BA62 /* Home.swift */ = {isa = PBXFileReference; lastKnownFileType = sourcecode.swift; path = Home.swift; sourceTree = "<group>"; };
		A42A398225EDEE080015BA62 /* GoogleService-Info.plist */ = {isa = PBXFileReference; fileEncoding = 4; lastKnownFileType = text.plist.xml; path = "GoogleService-Info.plist"; sourceTree = "<group>"; };
		A4EE0E0F25EF52ED00046DE2 /* Item.swift */ = {isa = PBXFileReference; lastKnownFileType = sourcecode.swift; path = Item.swift; sourceTree = "<group>"; };
		A4EE0E1225EF580100046DE2 /* ItemView.swift */ = {isa = PBXFileReference; lastKnownFileType = sourcecode.swift; path = ItemView.swift; sourceTree = "<group>"; };
		A4EE0E1825F0853700046DE2 /* Cart.swift */ = {isa = PBXFileReference; lastKnownFileType = sourcecode.swift; path = Cart.swift; sourceTree = "<group>"; };
		A4EE0E2525F0998000046DE2 /* CartView.swift */ = {isa = PBXFileReference; lastKnownFileType = sourcecode.swift; path = CartView.swift; sourceTree = "<group>"; };
		D08B3462DFAEDA076593CC1B /* Pods_Food_App.framework */ = {isa = PBXFileReference; explicitFileType = wrapper.framework; includeInIndex = 0; path = Pods_Food_App.framework; sourceTree = BUILT_PRODUCTS_DIR; };
		F3576EA31A5D8BA944AAE769 /* Pods-Food App.debug.xcconfig */ = {isa = PBXFileReference; includeInIndex = 1; lastKnownFileType = text.xcconfig; name = "Pods-Food App.debug.xcconfig"; path = "Target Support Files/Pods-Food App/Pods-Food App.debug.xcconfig"; sourceTree = "<group>"; };
/* End PBXFileReference section */

/* Begin PBXFrameworksBuildPhase section */
		A42A395B25EC8FAA0015BA62 /* Frameworks */ = {
			isa = PBXFrameworksBuildPhase;
			buildActionMask = 2147483647;
			files = (
				A4EE0E0D25EF50C600046DE2 /* SDWebImageSwiftUI in Frameworks */,
				2C01DA808F03AB4FAB7EDF22 /* Pods_Food_App.framework in Frameworks */,
			);
			runOnlyForDeploymentPostprocessing = 0;
		};
/* End PBXFrameworksBuildPhase section */

/* Begin PBXGroup section */
		36E38549EAA52E05F80797DE /* Frameworks */ = {
			isa = PBXGroup;
			children = (
				D08B3462DFAEDA076593CC1B /* Pods_Food_App.framework */,
			);
			name = Frameworks;
			sourceTree = "<group>";
		};
		51DF7ADB5F9ACA4A8D05C737 /* Pods */ = {
			isa = PBXGroup;
			children = (
				F3576EA31A5D8BA944AAE769 /* Pods-Food App.debug.xcconfig */,
				524B4E3881DF3EE29C7D7B33 /* Pods-Food App.release.xcconfig */,
			);
			path = Pods;
			sourceTree = "<group>";
		};
		A42A395525EC8FAA0015BA62 = {
			isa = PBXGroup;
			children = (
				A42A396025EC8FAA0015BA62 /* Food App */,
				A42A395F25EC8FAA0015BA62 /* Products */,
				51DF7ADB5F9ACA4A8D05C737 /* Pods */,
				36E38549EAA52E05F80797DE /* Frameworks */,
			);
			sourceTree = "<group>";
		};
		A42A395F25EC8FAA0015BA62 /* Products */ = {
			isa = PBXGroup;
			children = (
				A42A395E25EC8FAA0015BA62 /* Food App.app */,
			);
			name = Products;
			sourceTree = "<group>";
		};
		A42A396025EC8FAA0015BA62 /* Food App */ = {
			isa = PBXGroup;
			children = (
				A42A398225EDEE080015BA62 /* GoogleService-Info.plist */,
				A42A397125EC91640015BA62 /* ViewModel */,
				A42A397225EC916C0015BA62 /* Model */,
				A42A397325EC91730015BA62 /* View */,
				A42A396125EC8FAA0015BA62 /* Food_AppApp.swift */,
				A42A396325EC8FAA0015BA62 /* ContentView.swift */,
				A42A396525EC8FAC0015BA62 /* Assets.xcassets */,
				A42A396A25EC8FAC0015BA62 /* Info.plist */,
				A42A396725EC8FAC0015BA62 /* Preview Content */,
			);
			path = "Food App";
			sourceTree = "<group>";
		};
		A42A396725EC8FAC0015BA62 /* Preview Content */ = {
			isa = PBXGroup;
			children = (
				A42A396825EC8FAC0015BA62 /* Preview Assets.xcassets */,
			);
			path = "Preview Content";
			sourceTree = "<group>";
		};
		A42A397125EC91640015BA62 /* ViewModel */ = {
			isa = PBXGroup;
			children = (
				A42A397425EC96230015BA62 /* HomeViewModel.swift */,
			);
			path = ViewModel;
			sourceTree = "<group>";
		};
		A42A397225EC916C0015BA62 /* Model */ = {
			isa = PBXGroup;
			children = (
				A4EE0E0F25EF52ED00046DE2 /* Item.swift */,
				A4EE0E1825F0853700046DE2 /* Cart.swift */,
			);
			path = Model;
			sourceTree = "<group>";
		};
		A42A397325EC91730015BA62 /* View */ = {
			isa = PBXGroup;
			children = (
				A42A397825EC9F520015BA62 /* Menu.swift */,
				A42A397F25ECA3600015BA62 /* Home.swift */,
				A4EE0E1225EF580100046DE2 /* ItemView.swift */,
				A4EE0E2525F0998000046DE2 /* CartView.swift */,
			);
			path = View;
			sourceTree = "<group>";
		};
/* End PBXGroup section */

/* Begin PBXNativeTarget section */
		A42A395D25EC8FAA0015BA62 /* Food App */ = {
			isa = PBXNativeTarget;
			buildConfigurationList = A42A396D25EC8FAC0015BA62 /* Build configuration list for PBXNativeTarget "Food App" */;
			buildPhases = (
				2B179BD9F7617E53C591A653 /* [CP] Check Pods Manifest.lock */,
				A42A395A25EC8FAA0015BA62 /* Sources */,
				A42A395B25EC8FAA0015BA62 /* Frameworks */,
				A42A395C25EC8FAA0015BA62 /* Resources */,
				9992338A8B7EB5C85EEF3B26 /* [CP] Embed Pods Frameworks */,
			);
			buildRules = (
			);
			dependencies = (
			);
			name = "Food App";
			packageProductDependencies = (
				A4EE0E0C25EF50C600046DE2 /* SDWebImageSwiftUI */,
			);
			productName = "Food App";
			productReference = A42A395E25EC8FAA0015BA62 /* Food App.app */;
			productType = "com.apple.product-type.application";
		};
/* End PBXNativeTarget section */

/* Begin PBXProject section */
		A42A395625EC8FAA0015BA62 /* Project object */ = {
			isa = PBXProject;
			attributes = {
				LastSwiftUpdateCheck = 1240;
				LastUpgradeCheck = 1240;
				TargetAttributes = {
					A42A395D25EC8FAA0015BA62 = {
						CreatedOnToolsVersion = 12.4;
					};
				};
			};
			buildConfigurationList = A42A395925EC8FAA0015BA62 /* Build configuration list for PBXProject "Food App" */;
			compatibilityVersion = "Xcode 9.3";
			developmentRegion = en;
			hasScannedForEncodings = 0;
			knownRegions = (
				en,
				Base,
			);
			mainGroup = A42A395525EC8FAA0015BA62;
			packageReferences = (
				A4EE0E0B25EF50C600046DE2 /* XCRemoteSwiftPackageReference "sdwebimageswiftui" */,
			);
			productRefGroup = A42A395F25EC8FAA0015BA62 /* Products */;
			projectDirPath = "";
			projectRoot = "";
			targets = (
				A42A395D25EC8FAA0015BA62 /* Food App */,
			);
		};
/* End PBXProject section */

/* Begin PBXResourcesBuildPhase section */
		A42A395C25EC8FAA0015BA62 /* Resources */ = {
			isa = PBXResourcesBuildPhase;
			buildActionMask = 2147483647;
			files = (
				A42A396925EC8FAC0015BA62 /* Preview Assets.xcassets in Resources */,
				A42A396625EC8FAC0015BA62 /* Assets.xcassets in Resources */,
				A42A398325EDEE080015BA62 /* GoogleService-Info.plist in Resources */,
			);
			runOnlyForDeploymentPostprocessing = 0;
		};
/* End PBXResourcesBuildPhase section */

/* Begin PBXShellScriptBuildPhase section */
		2B179BD9F7617E53C591A653 /* [CP] Check Pods Manifest.lock */ = {
			isa = PBXShellScriptBuildPhase;
			buildActionMask = 2147483647;
			files = (
			);
			inputFileListPaths = (
			);
			inputPaths = (
				"${PODS_PODFILE_DIR_PATH}/Podfile.lock",
				"${PODS_ROOT}/Manifest.lock",
			);
			name = "[CP] Check Pods Manifest.lock";
			outputFileListPaths = (
			);
			outputPaths = (
				"$(DERIVED_FILE_DIR)/Pods-Food App-checkManifestLockResult.txt",
			);
			runOnlyForDeploymentPostprocessing = 0;
			shellPath = /bin/sh;
			shellScript = "diff \"${PODS_PODFILE_DIR_PATH}/Podfile.lock\" \"${PODS_ROOT}/Manifest.lock\" > /dev/null\nif [ $? != 0 ] ; then\n    # print error to STDERR\n    echo \"error: The sandbox is not in sync with the Podfile.lock. Run 'pod install' or update your CocoaPods installation.\" >&2\n    exit 1\nfi\n# This output is used by Xcode 'outputs' to avoid re-running this script phase.\necho \"SUCCESS\" > \"${SCRIPT_OUTPUT_FILE_0}\"\n";
			showEnvVarsInLog = 0;
		};
		9992338A8B7EB5C85EEF3B26 /* [CP] Embed Pods Frameworks */ = {
			isa = PBXShellScriptBuildPhase;
			buildActionMask = 2147483647;
			files = (
			);
			inputFileListPaths = (
				"${PODS_ROOT}/Target Support Files/Pods-Food App/Pods-Food App-frameworks-${CONFIGURATION}-input-files.xcfilelist",
			);
			name = "[CP] Embed Pods Frameworks";
			outputFileListPaths = (
				"${PODS_ROOT}/Target Support Files/Pods-Food App/Pods-Food App-frameworks-${CONFIGURATION}-output-files.xcfilelist",
			);
			runOnlyForDeploymentPostprocessing = 0;
			shellPath = /bin/sh;
			shellScript = "\"${PODS_ROOT}/Target Support Files/Pods-Food App/Pods-Food App-frameworks.sh\"\n";
			showEnvVarsInLog = 0;
		};
/* End PBXShellScriptBuildPhase section */

/* Begin PBXSourcesBuildPhase section */
		A42A395A25EC8FAA0015BA62 /* Sources */ = {
			isa = PBXSourcesBuildPhase;
			buildActionMask = 2147483647;
			files = (
				A4EE0E2625F0998000046DE2 /* CartView.swift in Sources */,
				A42A396425EC8FAA0015BA62 /* ContentView.swift in Sources */,
				A4EE0E1925F0853700046DE2 /* Cart.swift in Sources */,
				A42A397525EC96230015BA62 /* HomeViewModel.swift in Sources */,
				A42A398025ECA3600015BA62 /* Home.swift in Sources */,
				A42A397925EC9F520015BA62 /* Menu.swift in Sources */,
				A4EE0E1325EF580100046DE2 /* ItemView.swift in Sources */,
				A4EE0E1025EF52ED00046DE2 /* Item.swift in Sources */,
				A42A396225EC8FAA0015BA62 /* Food_AppApp.swift in Sources */,
			);
			runOnlyForDeploymentPostprocessing = 0;
		};
/* End PBXSourcesBuildPhase section */

/* Begin XCBuildConfiguration section */
		A42A396B25EC8FAC0015BA62 /* Debug */ = {
			isa = XCBuildConfiguration;
			buildSettings = {
				ALWAYS_SEARCH_USER_PATHS = NO;
				CLANG_ANALYZER_NONNULL = YES;
				CLANG_ANALYZER_NUMBER_OBJECT_CONVERSION = YES_AGGRESSIVE;
				CLANG_CXX_LANGUAGE_STANDARD = "gnu++14";
				CLANG_CXX_LIBRARY = "libc++";
				CLANG_ENABLE_MODULES = YES;
				CLANG_ENABLE_OBJC_ARC = YES;
				CLANG_ENABLE_OBJC_WEAK = YES;
				CLANG_WARN_BLOCK_CAPTURE_AUTORELEASING = YES;
				CLANG_WARN_BOOL_CONVERSION = YES;
				CLANG_WARN_COMMA = YES;
				CLANG_WARN_CONSTANT_CONVERSION = YES;
				CLANG_WARN_DEPRECATED_OBJC_IMPLEMENTATIONS = YES;
				CLANG_WARN_DIRECT_OBJC_ISA_USAGE = YES_ERROR;
				CLANG_WARN_DOCUMENTATION_COMMENTS = YES;
				CLANG_WARN_EMPTY_BODY = YES;
				CLANG_WARN_ENUM_CONVERSION = YES;
				CLANG_WARN_INFINITE_RECURSION = YES;
				CLANG_WARN_INT_CONVERSION = YES;
				CLANG_WARN_NON_LITERAL_NULL_CONVERSION = YES;
				CLANG_WARN_OBJC_IMPLICIT_RETAIN_SELF = YES;
				CLANG_WARN_OBJC_LITERAL_CONVERSION = YES;
				CLANG_WARN_OBJC_ROOT_CLASS = YES_ERROR;
				CLANG_WARN_QUOTED_INCLUDE_IN_FRAMEWORK_HEADER = YES;
				CLANG_WARN_RANGE_LOOP_ANALYSIS = YES;
				CLANG_WARN_STRICT_PROTOTYPES = YES;
				CLANG_WARN_SUSPICIOUS_MOVE = YES;
				CLANG_WARN_UNGUARDED_AVAILABILITY = YES_AGGRESSIVE;
				CLANG_WARN_UNREACHABLE_CODE = YES;
				CLANG_WARN__DUPLICATE_METHOD_MATCH = YES;
				COPY_PHASE_STRIP = NO;
				DEBUG_INFORMATION_FORMAT = dwarf;
				ENABLE_STRICT_OBJC_MSGSEND = YES;
				ENABLE_TESTABILITY = YES;
				GCC_C_LANGUAGE_STANDARD = gnu11;
				GCC_DYNAMIC_NO_PIC = NO;
				GCC_NO_COMMON_BLOCKS = YES;
				GCC_OPTIMIZATION_LEVEL = 0;
				GCC_PREPROCESSOR_DEFINITIONS = (
					"DEBUG=1",
					"$(inherited)",
				);
				GCC_WARN_64_TO_32_BIT_CONVERSION = YES;
				GCC_WARN_ABOUT_RETURN_TYPE = YES_ERROR;
				GCC_WARN_UNDECLARED_SELECTOR = YES;
				GCC_WARN_UNINITIALIZED_AUTOS = YES_AGGRESSIVE;
				GCC_WARN_UNUSED_FUNCTION = YES;
				GCC_WARN_UNUSED_VARIABLE = YES;
				IPHONEOS_DEPLOYMENT_TARGET = 14.4;
				MTL_ENABLE_DEBUG_INFO = INCLUDE_SOURCE;
				MTL_FAST_MATH = YES;
				ONLY_ACTIVE_ARCH = YES;
				SDKROOT = iphoneos;
				SWIFT_ACTIVE_COMPILATION_CONDITIONS = DEBUG;
				SWIFT_OPTIMIZATION_LEVEL = "-Onone";
			};
			name = Debug;
		};
		A42A396C25EC8FAC0015BA62 /* Release */ = {
			isa = XCBuildConfiguration;
			buildSettings = {
				ALWAYS_SEARCH_USER_PATHS = NO;
				CLANG_ANALYZER_NONNULL = YES;
				CLANG_ANALYZER_NUMBER_OBJECT_CONVERSION = YES_AGGRESSIVE;
				CLANG_CXX_LANGUAGE_STANDARD = "gnu++14";
				CLANG_CXX_LIBRARY = "libc++";
				CLANG_ENABLE_MODULES = YES;
				CLANG_ENABLE_OBJC_ARC = YES;
				CLANG_ENABLE_OBJC_WEAK = YES;
				CLANG_WARN_BLOCK_CAPTURE_AUTORELEASING = YES;
				CLANG_WARN_BOOL_CONVERSION = YES;
				CLANG_WARN_COMMA = YES;
				CLANG_WARN_CONSTANT_CONVERSION = YES;
				CLANG_WARN_DEPRECATED_OBJC_IMPLEMENTATIONS = YES;
				CLANG_WARN_DIRECT_OBJC_ISA_USAGE = YES_ERROR;
				CLANG_WARN_DOCUMENTATION_COMMENTS = YES;
				CLANG_WARN_EMPTY_BODY = YES;
				CLANG_WARN_ENUM_CONVERSION = YES;
				CLANG_WARN_INFINITE_RECURSION = YES;
				CLANG_WARN_INT_CONVERSION = YES;
				CLANG_WARN_NON_LITERAL_NULL_CONVERSION = YES;
				CLANG_WARN_OBJC_IMPLICIT_RETAIN_SELF = YES;
				CLANG_WARN_OBJC_LITERAL_CONVERSION = YES;
				CLANG_WARN_OBJC_ROOT_CLASS = YES_ERROR;
				CLANG_WARN_QUOTED_INCLUDE_IN_FRAMEWORK_HEADER = YES;
				CLANG_WARN_RANGE_LOOP_ANALYSIS = YES;
				CLANG_WARN_STRICT_PROTOTYPES = YES;
				CLANG_WARN_SUSPICIOUS_MOVE = YES;
				CLANG_WARN_UNGUARDED_AVAILABILITY = YES_AGGRESSIVE;
				CLANG_WARN_UNREACHABLE_CODE = YES;
				CLANG_WARN__DUPLICATE_METHOD_MATCH = YES;
				COPY_PHASE_STRIP = NO;
				DEBUG_INFORMATION_FORMAT = "dwarf-with-dsym";
				ENABLE_NS_ASSERTIONS = NO;
				ENABLE_STRICT_OBJC_MSGSEND = YES;
				GCC_C_LANGUAGE_STANDARD = gnu11;
				GCC_NO_COMMON_BLOCKS = YES;
				GCC_WARN_64_TO_32_BIT_CONVERSION = YES;
				GCC_WARN_ABOUT_RETURN_TYPE = YES_ERROR;
				GCC_WARN_UNDECLARED_SELECTOR = YES;
				GCC_WARN_UNINITIALIZED_AUTOS = YES_AGGRESSIVE;
				GCC_WARN_UNUSED_FUNCTION = YES;
				GCC_WARN_UNUSED_VARIABLE = YES;
				IPHONEOS_DEPLOYMENT_TARGET = 14.4;
				MTL_ENABLE_DEBUG_INFO = NO;
				MTL_FAST_MATH = YES;
				SDKROOT = iphoneos;
				SWIFT_COMPILATION_MODE = wholemodule;
				SWIFT_OPTIMIZATION_LEVEL = "-O";
				VALIDATE_PRODUCT = YES;
			};
			name = Release;
		};
		A42A396E25EC8FAC0015BA62 /* Debug */ = {
			isa = XCBuildConfiguration;
			baseConfigurationReference = F3576EA31A5D8BA944AAE769 /* Pods-Food App.debug.xcconfig */;
			buildSettings = {
				ASSETCATALOG_COMPILER_APPICON_NAME = AppIcon;
				ASSETCATALOG_COMPILER_GLOBAL_ACCENT_COLOR_NAME = AccentColor;
				CODE_SIGN_STYLE = Automatic;
				DEVELOPMENT_ASSET_PATHS = "\"Food App/Preview Content\"";
				DEVELOPMENT_TEAM = N9L2BN72PN;
				ENABLE_PREVIEWS = YES;
				INFOPLIST_FILE = "Food App/Info.plist";
				IPHONEOS_DEPLOYMENT_TARGET = 14.0;
				LD_RUNPATH_SEARCH_PATHS = (
					"$(inherited)",
					"@executable_path/Frameworks",
				);
				PRODUCT_BUNDLE_IDENTIFIER = "GROWDEV.Food-App";
				PRODUCT_NAME = "$(TARGET_NAME)";
				SWIFT_VERSION = 5.0;
				TARGETED_DEVICE_FAMILY = "1,2";
			};
			name = Debug;
		};
		A42A396F25EC8FAC0015BA62 /* Release */ = {
			isa = XCBuildConfiguration;
			baseConfigurationReference = 524B4E3881DF3EE29C7D7B33 /* Pods-Food App.release.xcconfig */;
			buildSettings = {
				ASSETCATALOG_COMPILER_APPICON_NAME = AppIcon;
				ASSETCATALOG_COMPILER_GLOBAL_ACCENT_COLOR_NAME = AccentColor;
				CODE_SIGN_STYLE = Automatic;
				DEVELOPMENT_ASSET_PATHS = "\"Food App/Preview Content\"";
				DEVELOPMENT_TEAM = N9L2BN72PN;
				ENABLE_PREVIEWS = YES;
				INFOPLIST_FILE = "Food App/Info.plist";
				IPHONEOS_DEPLOYMENT_TARGET = 14.0;
				LD_RUNPATH_SEARCH_PATHS = (
					"$(inherited)",
					"@executable_path/Frameworks",
				);
				PRODUCT_BUNDLE_IDENTIFIER = "GROWDEV.Food-App";
				PRODUCT_NAME = "$(TARGET_NAME)";
				SWIFT_VERSION = 5.0;
				TARGETED_DEVICE_FAMILY = "1,2";
			};
			name = Release;
		};
/* End XCBuildConfiguration section */

/* Begin XCConfigurationList section */
		A42A395925EC8FAA0015BA62 /* Build configuration list for PBXProject "Food App" */ = {
			isa = XCConfigurationList;
			buildConfigurations = (
				A42A396B25EC8FAC0015BA62 /* Debug */,
				A42A396C25EC8FAC0015BA62 /* Release */,
			);
			defaultConfigurationIsVisible = 0;
			defaultConfigurationName = Release;
		};
		A42A396D25EC8FAC0015BA62 /* Build configuration list for PBXNativeTarget "Food App" */ = {
			isa = XCConfigurationList;
			buildConfigurations = (
				A42A396E25EC8FAC0015BA62 /* Debug */,
				A42A396F25EC8FAC0015BA62 /* Release */,
			);
			defaultConfigurationIsVisible = 0;
			defaultConfigurationName = Release;
		};
/* End XCConfigurationList section */

/* Begin XCRemoteSwiftPackageReference section */
		A4EE0E0B25EF50C600046DE2 /* XCRemoteSwiftPackageReference "sdwebimageswiftui" */ = {
			isa = XCRemoteSwiftPackageReference;
			repositoryURL = "https://github.com/sdwebimage/sdwebimageswiftui";
			requirement = {
				kind = upToNextMajorVersion;
				minimumVersion = 2.0.1;
			};
		};
/* End XCRemoteSwiftPackageReference section */

/* Begin XCSwiftPackageProductDependency section */
		A4EE0E0C25EF50C600046DE2 /* SDWebImageSwiftUI */ = {
			isa = XCSwiftPackageProductDependency;
			package = A4EE0E0B25EF50C600046DE2 /* XCRemoteSwiftPackageReference "sdwebimageswiftui" */;
			productName = SDWebImageSwiftUI;
		};
/* End XCSwiftPackageProductDependency section */
	};
	rootObject = A42A395625EC8FAA0015BA62 /* Project object */;
}
